github.com/antihax/goesi v0.0.0-20181121195325-3564b46ce5ac h1:b9RQnu3yoo/HCM5kdbkDEq1WnMUmttPFnpFO5BcWa4g=
github.com/antihax/goesi v0.0.0-20181121195325-3564b46ce5ac/go.mod h1:mCmvV4HK4Y7Fw4tCyqpo6mRG5QYH/3VOV1rU9g32byA=
github.com/aws/aws-lambda-go v1.7.0 h1:g3Ad7aw27B2lhQLIuK7Aha+cWSaHr7ZNlngveHkhZyo=
github.com/aws/aws-lambda-go v1.7.0/go.mod h1:zUsUQhAUjYzR8AuduJPCfhBuKWUaDbQiPOG+ouzmE1A=
github.com/aws/aws-sdk-go v1.15.80 h1:gHT1ydR6xoCXEs1vLdcOkgQHh8/EpTDSj7sprGfNgIQ=
github.com/aws/aws-sdk-go v1.15.80/go.mod h1:E3/ieXAlvM0XWO57iftYVDLLvQ824smPP3ATZkfNZeM=
github.com/aws/aws-sdk-go v1.15.81 h1:va7uoFaV9uKAtZ6BTmp1u7paoMsizYRRLvRuoC07nQ8=
github.com/cenkalti/backoff v2.0.0+incompatible h1:5IIPUHhlnUZbcHQsQou5k1Tn58nJkeJL9U+ig5CHJbY=
github.com/cenkalti/backoff v2.0.0+incompatible/go.mod h1:90ReRw6GdpyfrHakVjL/QHaoyV4aDUVVkXQJJJ3NXXM=
github.com/guregu/dynamo v1.0.0 h1:N/z3OK/SmaUynhSsySZu0s45hvGWIjp4IX2r5Pbgk1Y=
github.com/guregu/dynamo v1.0.0/go.mod h1:VmV4PHy8bHJm8xhMD00CdejubOf3wVQxXyLLl2NLC9M=
github.com/hreeder/evept v0.0.0-20181129153329-08c0a807f119 h1:LA2dOyNEnhybFB20YHbLOrI2lEFBKxTse3qqFWw2OVc=
github.com/jmespath/go-jmespath v0.0.0-20160202185014-0b12d6b521d8 h1:12VvqtR6Aowv3l/EQUlocDHW2Cp4G9WJVH7uyH8QFJE=
github.com/jmespath/go-jmespath v0.0.0-20160202185014-0b12d6b521d8/go.mod h1:Nht3zPeWKUH0NzdCt2Blrr5ys8VGpn0CEB0cQHVjt7k=
github.com/mailru/easyjson v0.0.0-20180823135443-60711f1a8329 h1:2gxZ0XQIU/5z3Z3bUBu+FXuk2pFbkN6tcwi/pjyaDic=
github.com/mailru/easyjson v0.0.0-20180823135443-60711f1a8329/go.mod h1:C1wdFJiN94OJF2b5HbByQZoLdCWB1Yqtg26g4irojpc=
golang.org/x/net v0.0.0-20181114220301-adae6a3d119a h1:gOpx8G595UYyvj8UK4+OFyY4rx037g3fmfhe5SasG3U=
golang.org/x/net v0.0.0-20181114220301-adae6a3d119a/go.mod h1:mL1N/T3taQHkDXs73rZJwtUhF3w3ftmwwsq0BUmARs4=
golang.org/x/oauth2 v0.0.0-20181120190819-8f65e3013eba h1:YDkOrzGLLYybtuP6ZgebnO4OWYEYVMFSniazXsxrFN8=
golang.org/x/oauth2 v0.0.0-20181120190819-8f65e3013eba/go.mod h1:N/0e6XlmueqKjAGxoOufVs8QHGRruUQn6yWY3a++T0U=
